
Microsoft Visual Studio Solution File, Format Version 12.00
# Visual Studio 14
VisualStudioVersion = 14.0.23107.0
MinimumVisualStudioVersion = 10.0.40219.1
Project("{FAE04EC0-301F-11D3-BF4B-00C04F79EFBC}") = "LightGameEngine", "LightGameEngine\LightGameEngine.csproj", "{5DCAF87A-1E4D-47E0-99F3-A110FA1CDE59}"
EndProject
Project("{FAE04EC0-301F-11D3-BF4B-00C04F79EFBC}") = "TritaniumBattles", "TritaniumBattles\TritaniumBattles.csproj", "{F21B0E8F-96E2-448F-A5B4-5E69F0DE8812}"
EndProject
Project("{FAE04EC0-301F-11D3-BF4B-00C04F79EFBC}") = "CjClutter.ObjLoader.Loader", "..\..\..\ObjLoader-master\ObjLoader-master\source\CjClutter.ObjLoader.Loader\CjClutter.ObjLoader.Loader.csproj", "{1FD37682-98D6-442F-8E15-646247C690DC}"
EndProject
Global
	GlobalSection(SolutionConfigurationPlatforms) = preSolution
		Debug|Any CPU = Debug|Any CPU
		Debug|x86 = Debug|x86
		Release|Any CPU = Release|Any CPU
		Release|x86 = Release|x86
	EndGlobalSection
	GlobalSection(ProjectConfigurationPlatforms) = postSolution
		{5DCAF87A-1E4D-47E0-99F3-A110FA1CDE59}.Debug|Any CPU.ActiveCfg = Debug|Any CPU
		{5DCAF87A-1E4D-47E0-99F3-A110FA1CDE59}.Debug|Any CPU.Build.0 = Debug|Any CPU
		{5DCAF87A-1E4D-47E0-99F3-A110FA1CDE59}.Debug|Any CPU.Deploy.0 = Debug|Any CPU
		{5DCAF87A-1E4D-47E0-99F3-A110FA1CDE59}.Debug|x86.ActiveCfg = Debug|Any CPU
		{5DCAF87A-1E4D-47E0-99F3-A110FA1CDE59}.Debug|x86.Build.0 = Debug|Any CPU
		{5DCAF87A-1E4D-47E0-99F3-A110FA1CDE59}.Release|Any CPU.ActiveCfg = Release|Any CPU
		{5DCAF87A-1E4D-47E0-99F3-A110FA1CDE59}.Release|Any CPU.Build.0 = Release|Any CPU
		{5DCAF87A-1E4D-47E0-99F3-A110FA1CDE59}.Release|x86.ActiveCfg = Release|Any CPU
		{5DCAF87A-1E4D-47E0-99F3-A110FA1CDE59}.Release|x86.Build.0 = Release|Any CPU
		{F21B0E8F-96E2-448F-A5B4-5E69F0DE8812}.Debug|Any CPU.ActiveCfg = Debug|Any CPU
		{F21B0E8F-96E2-448F-A5B4-5E69F0DE8812}.Debug|Any CPU.Build.0 = Debug|Any CPU
		{F21B0E8F-96E2-448F-A5B4-5E69F0DE8812}.Debug|Any CPU.Deploy.0 = Debug|Any CPU
		{F21B0E8F-96E2-448F-A5B4-5E69F0DE8812}.Debug|x86.ActiveCfg = Debug|Any CPU
		{F21B0E8F-96E2-448F-A5B4-5E69F0DE8812}.Debug|x86.Build.0 = Debug|Any CPU
		{F21B0E8F-96E2-448F-A5B4-5E69F0DE8812}.Release|Any CPU.ActiveCfg = Release|Any CPU
		{F21B0E8F-96E2-448F-A5B4-5E69F0DE8812}.Release|Any CPU.Build.0 = Release|Any CPU
		{F21B0E8F-96E2-448F-A5B4-5E69F0DE8812}.Release|x86.ActiveCfg = Release|Any CPU
		{F21B0E8F-96E2-448F-A5B4-5E69F0DE8812}.Release|x86.Build.0 = Release|Any CPU
		{1FD37682-98D6-442F-8E15-646247C690DC}.Debug|Any CPU.ActiveCfg = Debug|Any CPU
		{1FD37682-98D6-442F-8E15-646247C690DC}.Debug|Any CPU.Build.0 = Debug|Any CPU
		{1FD37682-98D6-442F-8E15-646247C690DC}.Debug|x86.ActiveCfg = Debug|x86
		{1FD37682-98D6-442F-8E15-646247C690DC}.Debug|x86.Build.0 = Debug|x86
		{1FD37682-98D6-442F-8E15-646247C690DC}.Release|Any CPU.ActiveCfg = Release|Any CPU
		{1FD37682-98D6-442F-8E15-646247C690DC}.Release|Any CPU.Build.0 = Release|Any CPU
		{1FD37682-98D6-442F-8E15-646247C690DC}.Release|x86.ActiveCfg = Release|x86
		{1FD37682-98D6-442F-8E15-646247C690DC}.Release|x86.Build.0 = Release|x86
	EndGlobalSection
	GlobalSection(SolutionProperties) = preSolution
		HideSolutionNode = FALSE
	EndGlobalSection
EndGlobal
